
Microsoft Visual Studio Solution File, Format Version 12.00
# Visual Studio Version 16
VisualStudioVersion = 16.0.30330.147
MinimumVisualStudioVersion = 10.0.40219.1
Project("{8BC9CEB8-8B4A-11D0-8D11-00A0C91BC942}") = "2", "2\2.vcxproj", "{4F675C50-27C2-422A-8963-18C502E14B5E}"
EndProject
Project("{8BC9CEB8-8B4A-11D0-8D11-00A0C91BC942}") = "3", "3\3.vcxproj", "{D45DCFAA-C907-46A0-943C-763CF7D397B7}"
EndProject
Project("{8BC9CEB8-8B4A-11D0-8D11-00A0C91BC942}") = "4", "4\4.vcxproj", "{1A8DFC24-D37D-49AA-99C3-86C223504853}"
EndProject
Project("{8BC9CEB8-8B4A-11D0-8D11-00A0C91BC942}") = "5", "5\5.vcxproj", "{0E44DD98-75A0-4359-B587-0E0C0F8059E7}"
EndProject
Project("{8BC9CEB8-8B4A-11D0-8D11-00A0C91BC942}") = "6", "6\6.vcxproj", "{C10706CB-33B7-4916-9A12-733DE9CAD101}"
EndProject
Project("{8BC9CEB8-8B4A-11D0-8D11-00A0C91BC942}") = "7", "7\7.vcxproj", "{41D5B30C-A0B3-4F19-A166-7C643B55540D}"
EndProject
Project("{8BC9CEB8-8B4A-11D0-8D11-00A0C91BC942}") = "8", "8\8.vcxproj", "{57672048-7056-453F-81BE-CC7CC1AD1B89}"
EndProject
Project("{8BC9CEB8-8B4A-11D0-8D11-00A0C91BC942}") = "9", "9\9.vcxproj", "{767D853B-5EE0-4415-876E-F30B560020A9}"
EndProject
Project("{8BC9CEB8-8B4A-11D0-8D11-00A0C91BC942}") = "10", "10\10.vcxproj", "{9D2B165A-A3BB-49C0-A670-EA6B77CCF493}"
EndProject
Project("{8BC9CEB8-8B4A-11D0-8D11-00A0C91BC942}") = "11", "11\11.vcxproj", "{50BCD062-DE1D-4D98-87B1-5B99D63565F7}"
EndProject
Project("{8BC9CEB8-8B4A-11D0-8D11-00A0C91BC942}") = "12", "12\12.vcxproj", "{C3E12B50-CB80-42D9-8693-8F0AD9022ADC}"
EndProject
Project("{8BC9CEB8-8B4A-11D0-8D11-00A0C91BC942}") = "13", "13\13.vcxproj", "{5E814C0C-B5FA-435C-9B12-2B86B964FAEF}"
EndProject
Project("{8BC9CEB8-8B4A-11D0-8D11-00A0C91BC942}") = "14", "14\14.vcxproj", "{2F70C14C-7C91-480A-A5D7-7603957A43F4}"
EndProject
Global
	GlobalSection(SolutionConfigurationPlatforms) = preSolution
		Debug|x64 = Debug|x64
		Debug|x86 = Debug|x86
		Release|x64 = Release|x64
		Release|x86 = Release|x86
	EndGlobalSection
	GlobalSection(ProjectConfigurationPlatforms) = postSolution
		{4F675C50-27C2-422A-8963-18C502E14B5E}.Debug|x64.ActiveCfg = Debug|x64
		{4F675C50-27C2-422A-8963-18C502E14B5E}.Debug|x64.Build.0 = Debug|x64
		{4F675C50-27C2-422A-8963-18C502E14B5E}.Debug|x86.ActiveCfg = Debug|Win32
		{4F675C50-27C2-422A-8963-18C502E14B5E}.Debug|x86.Build.0 = Debug|Win32
		{4F675C50-27C2-422A-8963-18C502E14B5E}.Release|x64.ActiveCfg = Release|x64
		{4F675C50-27C2-422A-8963-18C502E14B5E}.Release|x64.Build.0 = Release|x64
		{4F675C50-27C2-422A-8963-18C502E14B5E}.Release|x86.ActiveCfg = Release|Win32
		{4F675C50-27C2-422A-8963-18C502E14B5E}.Release|x86.Build.0 = Release|Win32
		{D45DCFAA-C907-46A0-943C-763CF7D397B7}.Debug|x64.ActiveCfg = Debug|x64
		{D45DCFAA-C907-46A0-943C-763CF7D397B7}.Debug|x64.Build.0 = Debug|x64
		{D45DCFAA-C907-46A0-943C-763CF7D397B7}.Debug|x86.ActiveCfg = Debug|Win32
		{D45DCFAA-C907-46A0-943C-763CF7D397B7}.Debug|x86.Build.0 = Debug|Win32
		{D45DCFAA-C907-46A0-943C-763CF7D397B7}.Release|x64.ActiveCfg = Release|x64
		{D45DCFAA-C907-46A0-943C-763CF7D397B7}.Release|x64.Build.0 = Release|x64
		{D45DCFAA-C907-46A0-943C-763CF7D397B7}.Release|x86.ActiveCfg = Release|Win32
		{D45DCFAA-C907-46A0-943C-763CF7D397B7}.Release|x86.Build.0 = Release|Win32
		{1A8DFC24-D37D-49AA-99C3-86C223504853}.Debug|x64.ActiveCfg = Debug|x64
		{1A8DFC24-D37D-49AA-99C3-86C223504853}.Debug|x64.Build.0 = Debug|x64
		{1A8DFC24-D37D-49AA-99C3-86C223504853}.Debug|x86.ActiveCfg = Debug|Win32
		{1A8DFC24-D37D-49AA-99C3-86C223504853}.Debug|x86.Build.0 = Debug|Win32
		{1A8DFC24-D37D-49AA-99C3-86C223504853}.Release|x64.ActiveCfg = Release|x64
		{1A8DFC24-D37D-49AA-99C3-86C223504853}.Release|x64.Build.0 = Release|x64
		{1A8DFC24-D37D-49AA-99C3-86C223504853}.Release|x86.ActiveCfg = Release|Win32
		{1A8DFC24-D37D-49AA-99C3-86C223504853}.Release|x86.Build.0 = Release|Win32
		{0E44DD98-75A0-4359-B587-0E0C0F8059E7}.Debug|x64.ActiveCfg = Debug|x64
		{0E44DD98-75A0-4359-B587-0E0C0F8059E7}.Debug|x64.Build.0 = Debug|x64
		{0E44DD98-75A0-4359-B587-0E0C0F8059E7}.Debug|x86.ActiveCfg = Debug|Win32
		{0E44DD98-75A0-4359-B587-0E0C0F8059E7}.Debug|x86.Build.0 = Debug|Win32
		{0E44DD98-75A0-4359-B587-0E0C0F8059E7}.Release|x64.ActiveCfg = Release|x64
		{0E44DD98-75A0-4359-B587-0E0C0F8059E7}.Release|x64.Build.0 = Release|x64
		{0E44DD98-75A0-4359-B587-0E0C0F8059E7}.Release|x86.ActiveCfg = Release|Win32
		{0E44DD98-75A0-4359-B587-0E0C0F8059E7}.Release|x86.Build.0 = Release|Win32
		{C10706CB-33B7-4916-9A12-733DE9CAD101}.Debug|x64.ActiveCfg = Debug|x64
		{C10706CB-33B7-4916-9A12-733DE9CAD101}.Debug|x64.Build.0 = Debug|x64
		{C10706CB-33B7-4916-9A12-733DE9CAD101}.Debug|x86.ActiveCfg = Debug|Win32
		{C10706CB-33B7-4916-9A12-733DE9CAD101}.Debug|x86.Build.0 = Debug|Win32
		{C10706CB-33B7-4916-9A12-733DE9CAD101}.Release|x64.ActiveCfg = Release|x64
		{C10706CB-33B7-4916-9A12-733DE9CAD101}.Release|x64.Build.0 = Release|x64
		{C10706CB-33B7-4916-9A12-733DE9CAD101}.Release|x86.ActiveCfg = Release|Win32
		{C10706CB-33B7-4916-9A12-733DE9CAD101}.Release|x86.Build.0 = Release|Win32
		{41D5B30C-A0B3-4F19-A166-7C643B55540D}.Debug|x64.ActiveCfg = Debug|x64
		{41D5B30C-A0B3-4F19-A166-7C643B55540D}.Debug|x64.Build.0 = Debug|x64
		{41D5B30C-A0B3-4F19-A166-7C643B55540D}.Debug|x86.ActiveCfg = Debug|Win32
		{41D5B30C-A0B3-4F19-A166-7C643B55540D}.Debug|x86.Build.0 = Debug|Win32
		{41D5B30C-A0B3-4F19-A166-7C643B55540D}.Release|x64.ActiveCfg = Release|x64
		{41D5B30C-A0B3-4F19-A166-7C643B55540D}.Release|x64.Build.0 = Release|x64
		{41D5B30C-A0B3-4F19-A166-7C643B55540D}.Release|x86.ActiveCfg = Release|Win32
		{41D5B30C-A0B3-4F19-A166-7C643B55540D}.Release|x86.Build.0 = Release|Win32
		{57672048-7056-453F-81BE-CC7CC1AD1B89}.Debug|x64.ActiveCfg = Debug|x64
		{57672048-7056-453F-81BE-CC7CC1AD1B89}.Debug|x64.Build.0 = Debug|x64
		{57672048-7056-453F-81BE-CC7CC1AD1B89}.Debug|x86.ActiveCfg = Debug|Win32
		{57672048-7056-453F-81BE-CC7CC1AD1B89}.Debug|x86.Build.0 = Debug|Win32
		{57672048-7056-453F-81BE-CC7CC1AD1B89}.Release|x64.ActiveCfg = Release|x64
		{57672048-7056-453F-81BE-CC7CC1AD1B89}.Release|x64.Build.0 = Release|x64
		{57672048-7056-453F-81BE-CC7CC1AD1B89}.Release|x86.ActiveCfg = Release|Win32
		{57672048-7056-453F-81BE-CC7CC1AD1B89}.Release|x86.Build.0 = Release|Win32
		{767D853B-5EE0-4415-876E-F30B560020A9}.Debug|x64.ActiveCfg = Debug|x64
		{767D853B-5EE0-4415-876E-F30B560020A9}.Debug|x64.Build.0 = Debug|x64
		{767D853B-5EE0-4415-876E-F30B560020A9}.Debug|x86.ActiveCfg = Debug|Win32
		{767D853B-5EE0-4415-876E-F30B560020A9}.Debug|x86.Build.0 = Debug|Win32
		{767D853B-5EE0-4415-876E-F30B560020A9}.Release|x64.ActiveCfg = Release|x64
		{767D853B-5EE0-4415-876E-F30B560020A9}.Release|x64.Build.0 = Release|x64
		{767D853B-5EE0-4415-876E-F30B560020A9}.Release|x86.ActiveCfg = Release|Win32
		{767D853B-5EE0-4415-876E-F30B560020A9}.Release|x86.Build.0 = Release|Win32
		{9D2B165A-A3BB-49C0-A670-EA6B77CCF493}.Debug|x64.ActiveCfg = Debug|x64
		{9D2B165A-A3BB-49C0-A670-EA6B77CCF493}.Debug|x64.Build.0 = Debug|x64
		{9D2B165A-A3BB-49C0-A670-EA6B77CCF493}.Debug|x86.ActiveCfg = Debug|Win32
		{9D2B165A-A3BB-49C0-A670-EA6B77CCF493}.Debug|x86.Build.0 = Debug|Win32
		{9D2B165A-A3BB-49C0-A670-EA6B77CCF493}.Release|x64.ActiveCfg = Release|x64
		{9D2B165A-A3BB-49C0-A670-EA6B77CCF493}.Release|x64.Build.0 = Release|x64
		{9D2B165A-A3BB-49C0-A670-EA6B77CCF493}.Release|x86.ActiveCfg = Release|Win32
		{9D2B165A-A3BB-49C0-A670-EA6B77CCF493}.Release|x86.Build.0 = Release|Win32
		{50BCD062-DE1D-4D98-87B1-5B99D63565F7}.Debug|x64.ActiveCfg = Debug|x64
		{50BCD062-DE1D-4D98-87B1-5B99D63565F7}.Debug|x64.Build.0 = Debug|x64
		{50BCD062-DE1D-4D98-87B1-5B99D63565F7}.Debug|x86.ActiveCfg = Debug|Win32
		{50BCD062-DE1D-4D98-87B1-5B99D63565F7}.Debug|x86.Build.0 = Debug|Win32
		{50BCD062-DE1D-4D98-87B1-5B99D63565F7}.Release|x64.ActiveCfg = Release|x64
		{50BCD062-DE1D-4D98-87B1-5B99D63565F7}.Release|x64.Build.0 = Release|x64
		{50BCD062-DE1D-4D98-87B1-5B99D63565F7}.Release|x86.ActiveCfg = Release|Win32
		{50BCD062-DE1D-4D98-87B1-5B99D63565F7}.Release|x86.Build.0 = Release|Win32
		{C3E12B50-CB80-42D9-8693-8F0AD9022ADC}.Debug|x64.ActiveCfg = Debug|x64
		{C3E12B50-CB80-42D9-8693-8F0AD9022ADC}.Debug|x64.Build.0 = Debug|x64
		{C3E12B50-CB80-42D9-8693-8F0AD9022ADC}.Debug|x86.ActiveCfg = Debug|Win32
		{C3E12B50-CB80-42D9-8693-8F0AD9022ADC}.Debug|x86.Build.0 = Debug|Win32
		{C3E12B50-CB80-42D9-8693-8F0AD9022ADC}.Release|x64.ActiveCfg = Release|x64
		{C3E12B50-CB80-42D9-8693-8F0AD9022ADC}.Release|x64.Build.0 = Release|x64
		{C3E12B50-CB80-42D9-8693-8F0AD9022ADC}.Release|x86.ActiveCfg = Release|Win32
		{C3E12B50-CB80-42D9-8693-8F0AD9022ADC}.Release|x86.Build.0 = Release|Win32
		{5E814C0C-B5FA-435C-9B12-2B86B964FAEF}.Debug|x64.ActiveCfg = Debug|x64
		{5E814C0C-B5FA-435C-9B12-2B86B964FAEF}.Debug|x64.Build.0 = Debug|x64
		{5E814C0C-B5FA-435C-9B12-2B86B964FAEF}.Debug|x86.ActiveCfg = Debug|Win32
		{5E814C0C-B5FA-435C-9B12-2B86B964FAEF}.Debug|x86.Build.0 = Debug|Win32
		{5E814C0C-B5FA-435C-9B12-2B86B964FAEF}.Release|x64.ActiveCfg = Release|x64
		{5E814C0C-B5FA-435C-9B12-2B86B964FAEF}.Release|x64.Build.0 = Release|x64
		{5E814C0C-B5FA-435C-9B12-2B86B964FAEF}.Release|x86.ActiveCfg = Release|Win32
		{5E814C0C-B5FA-435C-9B12-2B86B964FAEF}.Release|x86.Build.0 = Release|Win32
		{2F70C14C-7C91-480A-A5D7-7603957A43F4}.Debug|x64.ActiveCfg = Debug|x64
		{2F70C14C-7C91-480A-A5D7-7603957A43F4}.Debug|x64.Build.0 = Debug|x64
		{2F70C14C-7C91-480A-A5D7-7603957A43F4}.Debug|x86.ActiveCfg = Debug|Win32
		{2F70C14C-7C91-480A-A5D7-7603957A43F4}.Debug|x86.Build.0 = Debug|Win32
		{2F70C14C-7C91-480A-A5D7-7603957A43F4}.Release|x64.ActiveCfg = Release|x64
		{2F70C14C-7C91-480A-A5D7-7603957A43F4}.Release|x64.Build.0 = Release|x64
		{2F70C14C-7C91-480A-A5D7-7603957A43F4}.Release|x86.ActiveCfg = Release|Win32
		{2F70C14C-7C91-480A-A5D7-7603957A43F4}.Release|x86.Build.0 = Release|Win32
	EndGlobalSection
	GlobalSection(SolutionProperties) = preSolution
		HideSolutionNode = FALSE
	EndGlobalSection
	GlobalSection(ExtensibilityGlobals) = postSolution
		SolutionGuid = {4EAF8C38-AA24-4C1E-A8B0-A369020D4374}
	EndGlobalSection
EndGlobal
